
Microsoft Visual Studio Solution File, Format Version 12.00
# Visual Studio Version 16
VisualStudioVersion = 16.0.29318.209
MinimumVisualStudioVersion = 10.0.40219.1
Project("{FAE04EC0-301F-11D3-BF4B-00C04F79EFBC}") = "Distancify.Litium.Rounding.ISO4217", "Distancify.Litium.Rounding.ISO4217\Distancify.Litium.Rounding.ISO4217.csproj", "{5D51B19B-63EE-4318-BEB0-A6C48BC7EADC}"
EndProject
Project("{FAE04EC0-301F-11D3-BF4B-00C04F79EFBC}") = "Distancify.Litium.Rounding.ISO4217.Tests", "Distancify.Litium.Rounding.ISO4217.Tests\Distancify.Litium.Rounding.ISO4217.Tests.csproj", "{FF3E94E9-B28B-4DA7-A8C6-83514B2DC583}"
EndProject
Project("{2150E333-8FDC-42A3-9474-1A3956D46DE8}") = "Solution Items", "Solution Items", "{1CDB6CE0-67C8-4345-8211-0426F439C207}"
	ProjectSection(SolutionItems) = preProject
		README.md = README.md
	EndProjectSection
EndProject
Global
	GlobalSection(SolutionConfigurationPlatforms) = preSolution
		Debug|Any CPU = Debug|Any CPU
		Release|Any CPU = Release|Any CPU
	EndGlobalSection
	GlobalSection(ProjectConfigurationPlatforms) = postSolution
		{5D51B19B-63EE-4318-BEB0-A6C48BC7EADC}.Debug|Any CPU.ActiveCfg = Debug|Any CPU
		{5D51B19B-63EE-4318-BEB0-A6C48BC7EADC}.Debug|Any CPU.Build.0 = Debug|Any CPU
		{5D51B19B-63EE-4318-BEB0-A6C48BC7EADC}.Release|Any CPU.ActiveCfg = Release|Any CPU
		{5D51B19B-63EE-4318-BEB0-A6C48BC7EADC}.Release|Any CPU.Build.0 = Release|Any CPU
		{FF3E94E9-B28B-4DA7-A8C6-83514B2DC583}.Debug|Any CPU.ActiveCfg = Debug|Any CPU
		{FF3E94E9-B28B-4DA7-A8C6-83514B2DC583}.Debug|Any CPU.Build.0 = Debug|Any CPU
		{FF3E94E9-B28B-4DA7-A8C6-83514B2DC583}.Release|Any CPU.ActiveCfg = Release|Any CPU
		{FF3E94E9-B28B-4DA7-A8C6-83514B2DC583}.Release|Any CPU.Build.0 = Release|Any CPU
	EndGlobalSection
	GlobalSection(SolutionProperties) = preSolution
		HideSolutionNode = FALSE
	EndGlobalSection
	GlobalSection(ExtensibilityGlobals) = postSolution
		SolutionGuid = {2CF73B74-8EFB-4B65-9D7A-9DD0243D7E5B}
	EndGlobalSection
EndGlobal
